
Microsoft Visual Studio Solution File, Format Version 12.00
# Visual Studio Version 17
VisualStudioVersion = 17.3.32929.385
MinimumVisualStudioVersion = 10.0.40219.1
Project("{9A19103F-16F7-4668-BE54-9A1E7A4F7556}") = "CIMSimulate", "CIMSimulate\CIMSimulate.csproj", "{FA344E37-9590-4AFE-9CB1-2F2366666EF8}"
EndProject
Global
	GlobalSection(SolutionConfigurationPlatforms) = preSolution
		Debug|Any CPU = Debug|Any CPU
		Release|Any CPU = Release|Any CPU
	EndGlobalSection
	GlobalSection(ProjectConfigurationPlatforms) = postSolution
		{FA344E37-9590-4AFE-9CB1-2F2366666EF8}.Debug|Any CPU.ActiveCfg = Debug|Any CPU
		{FA344E37-9590-4AFE-9CB1-2F2366666EF8}.Debug|Any CPU.Build.0 = Debug|Any CPU
		{FA344E37-9590-4AFE-9CB1-2F2366666EF8}.Release|Any CPU.ActiveCfg = Release|Any CPU
		{FA344E37-9590-4AFE-9CB1-2F2366666EF8}.Release|Any CPU.Build.0 = Release|Any CPU
	EndGlobalSection
	GlobalSection(SolutionProperties) = preSolution
		HideSolutionNode = FALSE
	EndGlobalSection
	GlobalSection(ExtensibilityGlobals) = postSolution
		SolutionGuid = {DD1E0690-6B7B-45B2-AB42-22922377C9F7}
	EndGlobalSection
EndGlobal
